// !$*UTF8*$!
{
	archiveVersion = 1;
	classes = {
	};
	objectVersion = 46;
	objects = {

/* Begin PBXBuildFile section */
		7714C6D81D69104D0068D85F /* UITableView+Scroll.swift in Sources */ = {isa = PBXBuildFile; fileRef = 7714C6D71D69104D0068D85F /* UITableView+Scroll.swift */; };
		7749AD6D1D656BB400621027 /* Message.swift in Sources */ = {isa = PBXBuildFile; fileRef = 7749AD6C1D656BB400621027 /* Message.swift */; };
		77855D001D66B2FC002D5C99 /* ChatCell.swift in Sources */ = {isa = PBXBuildFile; fileRef = 77855CFF1D66B2FC002D5C99 /* ChatCell.swift */; };
		77C659641D62D02200F61AB0 /* AppDelegate.swift in Sources */ = {isa = PBXBuildFile; fileRef = 77C659631D62D02200F61AB0 /* AppDelegate.swift */; };
		77C659661D62D02200F61AB0 /* ChatViewController.swift in Sources */ = {isa = PBXBuildFile; fileRef = 77C659651D62D02200F61AB0 /* ChatViewController.swift */; };
		77C659691D62D02200F61AB0 /* Main.storyboard in Resources */ = {isa = PBXBuildFile; fileRef = 77C659671D62D02200F61AB0 /* Main.storyboard */; };
		77C6596B1D62D02200F61AB0 /* Assets.xcassets in Resources */ = {isa = PBXBuildFile; fileRef = 77C6596A1D62D02200F61AB0 /* Assets.xcassets */; };
		77C6596E1D62D02200F61AB0 /* LaunchScreen.storyboard in Resources */ = {isa = PBXBuildFile; fileRef = 77C6596C1D62D02200F61AB0 /* LaunchScreen.storyboard */; };
/* End PBXBuildFile section */

/* Begin PBXFileReference section */
		7714C6D71D69104D0068D85F /* UITableView+Scroll.swift */ = {isa = PBXFileReference; fileEncoding = 4; lastKnownFileType = sourcecode.swift; path = "UITableView+Scroll.swift"; sourceTree = "<group>"; };
		7749AD6C1D656BB400621027 /* Message.swift */ = {isa = PBXFileReference; fileEncoding = 4; lastKnownFileType = sourcecode.swift; path = Message.swift; sourceTree = "<group>"; };
		77855CFF1D66B2FC002D5C99 /* ChatCell.swift */ = {isa = PBXFileReference; fileEncoding = 4; lastKnownFileType = sourcecode.swift; path = ChatCell.swift; sourceTree = "<group>"; };
		77C659601D62D02200F61AB0 /* WhaleTalk.app */ = {isa = PBXFileReference; explicitFileType = wrapper.application; includeInIndex = 0; path = WhaleTalk.app; sourceTree = BUILT_PRODUCTS_DIR; };
		77C659631D62D02200F61AB0 /* AppDelegate.swift */ = {isa = PBXFileReference; lastKnownFileType = sourcecode.swift; path = AppDelegate.swift; sourceTree = "<group>"; };
		77C659651D62D02200F61AB0 /* ChatViewController.swift */ = {isa = PBXFileReference; lastKnownFileType = sourcecode.swift; path = ChatViewController.swift; sourceTree = "<group>"; };
		77C659681D62D02200F61AB0 /* Base */ = {isa = PBXFileReference; lastKnownFileType = file.storyboard; name = Base; path = Base.lproj/Main.storyboard; sourceTree = "<group>"; };
		77C6596A1D62D02200F61AB0 /* Assets.xcassets */ = {isa = PBXFileReference; lastKnownFileType = folder.assetcatalog; path = Assets.xcassets; sourceTree = "<group>"; };
		77C6596D1D62D02200F61AB0 /* Base */ = {isa = PBXFileReference; lastKnownFileType = file.storyboard; name = Base; path = Base.lproj/LaunchScreen.storyboard; sourceTree = "<group>"; };
		77C6596F1D62D02200F61AB0 /* Info.plist */ = {isa = PBXFileReference; lastKnownFileType = text.plist.xml; path = Info.plist; sourceTree = "<group>"; };
/* End PBXFileReference section */

/* Begin PBXFrameworksBuildPhase section */
		77C6595D1D62D02200F61AB0 /* Frameworks */ = {
			isa = PBXFrameworksBuildPhase;
			buildActionMask = 2147483647;
			files = (
			);
			runOnlyForDeploymentPostprocessing = 0;
		};
/* End PBXFrameworksBuildPhase section */

/* Begin PBXGroup section */
		77C659571D62D02200F61AB0 = {
			isa = PBXGroup;
			children = (
				77C659621D62D02200F61AB0 /* WhaleTalk */,
				77C659611D62D02200F61AB0 /* Products */,
			);
			sourceTree = "<group>";
		};
		77C659611D62D02200F61AB0 /* Products */ = {
			isa = PBXGroup;
			children = (
				77C659601D62D02200F61AB0 /* WhaleTalk.app */,
			);
			name = Products;
			sourceTree = "<group>";
		};
		77C659621D62D02200F61AB0 /* WhaleTalk */ = {
			isa = PBXGroup;
			children = (
				77C659631D62D02200F61AB0 /* AppDelegate.swift */,
				77C659651D62D02200F61AB0 /* ChatViewController.swift */,
				77855CFF1D66B2FC002D5C99 /* ChatCell.swift */,
				7749AD6C1D656BB400621027 /* Message.swift */,
				7714C6D71D69104D0068D85F /* UITableView+Scroll.swift */,
				77C659671D62D02200F61AB0 /* Main.storyboard */,
				77C6596A1D62D02200F61AB0 /* Assets.xcassets */,
				77C6596C1D62D02200F61AB0 /* LaunchScreen.storyboard */,
				77C6596F1D62D02200F61AB0 /* Info.plist */,
			);
			path = WhaleTalk;
			sourceTree = "<group>";
		};
/* End PBXGroup section */

/* Begin PBXNativeTarget section */
		77C6595F1D62D02200F61AB0 /* WhaleTalk */ = {
			isa = PBXNativeTarget;
			buildConfigurationList = 77C659721D62D02200F61AB0 /* Build configuration list for PBXNativeTarget "WhaleTalk" */;
			buildPhases = (
				77C6595C1D62D02200F61AB0 /* Sources */,
				77C6595D1D62D02200F61AB0 /* Frameworks */,
				77C6595E1D62D02200F61AB0 /* Resources */,
			);
			buildRules = (
			);
			dependencies = (
			);
			name = WhaleTalk;
			productName = WhaleTalk;
			productReference = 77C659601D62D02200F61AB0 /* WhaleTalk.app */;
			productType = "com.apple.product-type.application";
		};
/* End PBXNativeTarget section */

/* Begin PBXProject section */
		77C659581D62D02200F61AB0 /* Project object */ = {
			isa = PBXProject;
			attributes = {
				LastSwiftUpdateCheck = 0730;
				LastUpgradeCheck = 0730;
				ORGANIZATIONNAME = "Rommel Rico";
				TargetAttributes = {
					77C6595F1D62D02200F61AB0 = {
						CreatedOnToolsVersion = 7.3.1;
					};
				};
			};
			buildConfigurationList = 77C6595B1D62D02200F61AB0 /* Build configuration list for PBXProject "WhaleTalk" */;
			compatibilityVersion = "Xcode 3.2";
			developmentRegion = English;
			hasScannedForEncodings = 0;
			knownRegions = (
				en,
				Base,
			);
			mainGroup = 77C659571D62D02200F61AB0;
			productRefGroup = 77C659611D62D02200F61AB0 /* Products */;
			projectDirPath = "";
			projectRoot = "";
			targets = (
				77C6595F1D62D02200F61AB0 /* WhaleTalk */,
			);
		};
/* End PBXProject section */

/* Begin PBXResourcesBuildPhase section */
		77C6595E1D62D02200F61AB0 /* Resources */ = {
			isa = PBXResourcesBuildPhase;
			buildActionMask = 2147483647;
			files = (
				77C6596E1D62D02200F61AB0 /* LaunchScreen.storyboard in Resources */,
				77C6596B1D62D02200F61AB0 /* Assets.xcassets in Resources */,
				77C659691D62D02200F61AB0 /* Main.storyboard in Resources */,
			);
			runOnlyForDeploymentPostprocessing = 0;
		};
/* End PBXResourcesBuildPhase section */

/* Begin PBXSourcesBuildPhase section */
		77C6595C1D62D02200F61AB0 /* Sources */ = {
			isa = PBXSourcesBuildPhase;
			buildActionMask = 2147483647;
			files = (
				7714C6D81D69104D0068D85F /* UITableView+Scroll.swift in Sources */,
				7749AD6D1D656BB400621027 /* Message.swift in Sources */,
				77855D001D66B2FC002D5C99 /* ChatCell.swift in Sources */,
				77C659661D62D02200F61AB0 /* ChatViewController.swift in Sources */,
				77C659641D62D02200F61AB0 /* AppDelegate.swift in Sources */,
			);
			runOnlyForDeploymentPostprocessing = 0;
		};
/* End PBXSourcesBuildPhase section */

/* Begin PBXVariantGroup section */
		77C659671D62D02200F61AB0 /* Main.storyboard */ = {
			isa = PBXVariantGroup;
			children = (
				77C659681D62D02200F61AB0 /* Base */,
			);
			name = Main.storyboard;
			sourceTree = "<group>";
		};
		77C6596C1D62D02200F61AB0 /* LaunchScreen.storyboard */ = {
			isa = PBXVariantGroup;
			children = (
				77C6596D1D62D02200F61AB0 /* Base */,
			);
			name = LaunchScreen.storyboard;
			sourceTree = "<group>";
		};
/* End PBXVariantGroup section */

/* Begin XCBuildConfiguration section */
		77C659701D62D02200F61AB0 /* Debug */ = {
			isa = XCBuildConfiguration;
			buildSettings = {
				ALWAYS_SEARCH_USER_PATHS = NO;
				CLANG_ANALYZER_NONNULL = YES;
				CLANG_CXX_LANGUAGE_STANDARD = "gnu++0x";
				CLANG_CXX_LIBRARY = "libc++";
				CLANG_ENABLE_MODULES = YES;
				CLANG_ENABLE_OBJC_ARC = YES;
				CLANG_WARN_BOOL_CONVERSION = YES;
				CLANG_WARN_CONSTANT_CONVERSION = YES;
				CLANG_WARN_DIRECT_OBJC_ISA_USAGE = YES_ERROR;
				CLANG_WARN_EMPTY_BODY = YES;
				CLANG_WARN_ENUM_CONVERSION = YES;
				CLANG_WARN_INT_CONVERSION = YES;
				CLANG_WARN_OBJC_ROOT_CLASS = YES_ERROR;
				CLANG_WARN_UNREACHABLE_CODE = YES;
				CLANG_WARN__DUPLICATE_METHOD_MATCH = YES;
				"CODE_SIGN_IDENTITY[sdk=iphoneos*]" = "iPhone Developer";
				COPY_PHASE_STRIP = NO;
				DEBUG_INFORMATION_FORMAT = dwarf;
				ENABLE_STRICT_OBJC_MSGSEND = YES;
				ENABLE_TESTABILITY = YES;
				GCC_C_LANGUAGE_STANDARD = gnu99;
				GCC_DYNAMIC_NO_PIC = NO;
				GCC_NO_COMMON_BLOCKS = YES;
				GCC_OPTIMIZATION_LEVEL = 0;
				GCC_PREPROCESSOR_DEFINITIONS = (
					"DEBUG=1",
					"$(inherited)",
				);
				GCC_WARN_64_TO_32_BIT_CONVERSION = YES;
				GCC_WARN_ABOUT_RETURN_TYPE = YES_ERROR;
				GCC_WARN_UNDECLARED_SELECTOR = YES;
				GCC_WARN_UNINITIALIZED_AUTOS = YES_AGGRESSIVE;
				GCC_WARN_UNUSED_FUNCTION = YES;
				GCC_WARN_UNUSED_VARIABLE = YES;
				IPHONEOS_DEPLOYMENT_TARGET = 9.3;
				MTL_ENABLE_DEBUG_INFO = YES;
				ONLY_ACTIVE_ARCH = YES;
				SDKROOT = iphoneos;
				SWIFT_OPTIMIZATION_LEVEL = "-Onone";
				TARGETED_DEVICE_FAMILY = "1,2";
			};
			name = Debug;
		};
		77C659711D62D02200F61AB0 /* Release */ = {
			isa = XCBuildConfiguration;
			buildSettings = {
				ALWAYS_SEARCH_USER_PATHS = NO;
				CLANG_ANALYZER_NONNULL = YES;
				CLANG_CXX_LANGUAGE_STANDARD = "gnu++0x";
				CLANG_CXX_LIBRARY = "libc++";
				CLANG_ENABLE_MODULES = YES;
				CLANG_ENABLE_OBJC_ARC = YES;
				CLANG_WARN_BOOL_CONVERSION = YES;
				CLANG_WARN_CONSTANT_CONVERSION = YES;
				CLANG_WARN_DIRECT_OBJC_ISA_USAGE = YES_ERROR;
				CLANG_WARN_EMPTY_BODY = YES;
				CLANG_WARN_ENUM_CONVERSION = YES;
				CLANG_WARN_INT_CONVERSION = YES;
				CLANG_WARN_OBJC_ROOT_CLASS = YES_ERROR;
				CLANG_WARN_UNREACHABLE_CODE = YES;
				CLANG_WARN__DUPLICATE_METHOD_MATCH = YES;
				"CODE_SIGN_IDENTITY[sdk=iphoneos*]" = "iPhone Developer";
				COPY_PHASE_STRIP = NO;
				DEBUG_INFORMATION_FORMAT = "dwarf-with-dsym";
				ENABLE_NS_ASSERTIONS = NO;
				ENABLE_STRICT_OBJC_MSGSEND = YES;
				GCC_C_LANGUAGE_STANDARD = gnu99;
				GCC_NO_COMMON_BLOCKS = YES;
				GCC_WARN_64_TO_32_BIT_CONVERSION = YES;
				GCC_WARN_ABOUT_RETURN_TYPE = YES_ERROR;
				GCC_WARN_UNDECLARED_SELECTOR = YES;
				GCC_WARN_UNINITIALIZED_AUTOS = YES_AGGRESSIVE;
				GCC_WARN_UNUSED_FUNCTION = YES;
				GCC_WARN_UNUSED_VARIABLE = YES;
				IPHONEOS_DEPLOYMENT_TARGET = 9.3;
				MTL_ENABLE_DEBUG_INFO = NO;
				SDKROOT = iphoneos;
				TARGETED_DEVICE_FAMILY = "1,2";
				VALIDATE_PRODUCT = YES;
			};
			name = Release;
		};
		77C659731D62D02200F61AB0 /* Debug */ = {
			isa = XCBuildConfiguration;
			buildSettings = {
				ASSETCATALOG_COMPILER_APPICON_NAME = AppIcon;
				INFOPLIST_FILE = WhaleTalk/Info.plist;
				LD_RUNPATH_SEARCH_PATHS = "$(inherited) @executable_path/Frameworks";
				PRODUCT_BUNDLE_IDENTIFIER = com.rommelrico.WhaleTalk;
				PRODUCT_NAME = "$(TARGET_NAME)";
			};
			name = Debug;
		};
		77C659741D62D02200F61AB0 /* Release */ = {
			isa = XCBuildConfiguration;
			buildSettings = {
				ASSETCATALOG_COMPILER_APPICON_NAME = AppIcon;
				INFOPLIST_FILE = WhaleTalk/Info.plist;
				LD_RUNPATH_SEARCH_PATHS = "$(inherited) @executable_path/Frameworks";
				PRODUCT_BUNDLE_IDENTIFIER = com.rommelrico.WhaleTalk;
				PRODUCT_NAME = "$(TARGET_NAME)";
			};
			name = Release;
		};
/* End XCBuildConfiguration section */

/* Begin XCConfigurationList section */
		77C6595B1D62D02200F61AB0 /* Build configuration list for PBXProject "WhaleTalk" */ = {
			isa = XCConfigurationList;
			buildConfigurations = (
				77C659701D62D02200F61AB0 /* Debug */,
				77C659711D62D02200F61AB0 /* Release */,
			);
			defaultConfigurationIsVisible = 0;
			defaultConfigurationName = Release;
		};
		77C659721D62D02200F61AB0 /* Build configuration list for PBXNativeTarget "WhaleTalk" */ = {
			isa = XCConfigurationList;
			buildConfigurations = (
				77C659731D62D02200F61AB0 /* Debug */,
				77C659741D62D02200F61AB0 /* Release */,
			);
			defaultConfigurationIsVisible = 0;
			defaultConfigurationName = Release;
		};
/* End XCConfigurationList section */
	};
	rootObject = 77C659581D62D02200F61AB0 /* Project object */;
}
