// !$*UTF8*$!
{
	archiveVersion = 1;
	classes = {
	};
	objectVersion = 46;
	objects = {

/* Begin PBXBuildFile section */
		7714C6D81D69104D0068D85F /* UITableView+Scroll.swift in Sources */ = {isa = PBXBuildFile; fileRef = 7714C6D71D69104D0068D85F /* UITableView+Scroll.swift */; };
		772959A81D71408600A126BF /* ContactImporter.swift in Sources */ = {isa = PBXBuildFile; fileRef = 772959A71D71408600A126BF /* ContactImporter.swift */; };
		772959AA1D71434900A126BF /* Contact+CoreDataProperties.swift in Sources */ = {isa = PBXBuildFile; fileRef = 772959A91D71434900A126BF /* Contact+CoreDataProperties.swift */; };
		772959AD1D71DE0000A126BF /* PhoneNumber+CoreDataProperties.swift in Sources */ = {isa = PBXBuildFile; fileRef = 772959AB1D71DE0000A126BF /* PhoneNumber+CoreDataProperties.swift */; };
		772959AE1D71DE0000A126BF /* PhoneNumber.swift in Sources */ = {isa = PBXBuildFile; fileRef = 772959AC1D71DE0000A126BF /* PhoneNumber.swift */; };
		772959B21D71EB6D00A126BF /* ContextViewController.swift in Sources */ = {isa = PBXBuildFile; fileRef = 772959B11D71EB6D00A126BF /* ContextViewController.swift */; };
		7757BAD11D69F6320040CB74 /* CDHelper.swift in Sources */ = {isa = PBXBuildFile; fileRef = 7757BAD01D69F6320040CB74 /* CDHelper.swift */; };
		7757BAD41D69F7750040CB74 /* Model.xcdatamodeld in Sources */ = {isa = PBXBuildFile; fileRef = 7757BAD21D69F7750040CB74 /* Model.xcdatamodeld */; };
		7757BAD81D6A0A140040CB74 /* Message.swift in Sources */ = {isa = PBXBuildFile; fileRef = 7757BAD61D6A0A140040CB74 /* Message.swift */; };
		7757BAE21D6A3DB50040CB74 /* ChatCell.swift in Sources */ = {isa = PBXBuildFile; fileRef = 7757BAE11D6A3DB50040CB74 /* ChatCell.swift */; };
		7757BAE41D6A40AD0040CB74 /* AllChatsViewController.swift in Sources */ = {isa = PBXBuildFile; fileRef = 7757BAE31D6A40AD0040CB74 /* AllChatsViewController.swift */; };
		77848C3A1D6D50DB00E155CA /* TableViewFetchedResultsDelegate.swift in Sources */ = {isa = PBXBuildFile; fileRef = 77848C391D6D50DB00E155CA /* TableViewFetchedResultsDelegate.swift */; };
		77848C3C1D6D554200E155CA /* UIViewController+FillWithView.swift in Sources */ = {isa = PBXBuildFile; fileRef = 77848C3B1D6D554200E155CA /* UIViewController+FillWithView.swift */; };
		77848C461D6D5A3200E155CA /* ChatCreationDelegate.swift in Sources */ = {isa = PBXBuildFile; fileRef = 77848C451D6D5A3200E155CA /* ChatCreationDelegate.swift */; };
		77855D001D66B2FC002D5C99 /* MessageCell.swift in Sources */ = {isa = PBXBuildFile; fileRef = 77855CFF1D66B2FC002D5C99 /* MessageCell.swift */; };
		77B538031D6E8D42001682BD /* Message+CoreDataProperties.swift in Sources */ = {isa = PBXBuildFile; fileRef = 77B538011D6E8D42001682BD /* Message+CoreDataProperties.swift */; };
		77B656991D6BDD1E004AF8F1 /* Contact.swift in Sources */ = {isa = PBXBuildFile; fileRef = 77B656971D6BDD1E004AF8F1 /* Contact.swift */; };
		77B6569B1D6BE034004AF8F1 /* NewChatViewController.swift in Sources */ = {isa = PBXBuildFile; fileRef = 77B6569A1D6BE034004AF8F1 /* NewChatViewController.swift */; };
		77C659641D62D02200F61AB0 /* AppDelegate.swift in Sources */ = {isa = PBXBuildFile; fileRef = 77C659631D62D02200F61AB0 /* AppDelegate.swift */; };
		77C659661D62D02200F61AB0 /* ChatViewController.swift in Sources */ = {isa = PBXBuildFile; fileRef = 77C659651D62D02200F61AB0 /* ChatViewController.swift */; };
		77C659691D62D02200F61AB0 /* Main.storyboard in Resources */ = {isa = PBXBuildFile; fileRef = 77C659671D62D02200F61AB0 /* Main.storyboard */; };
		77C6596B1D62D02200F61AB0 /* Assets.xcassets in Resources */ = {isa = PBXBuildFile; fileRef = 77C6596A1D62D02200F61AB0 /* Assets.xcassets */; };
		77C6596E1D62D02200F61AB0 /* LaunchScreen.storyboard in Resources */ = {isa = PBXBuildFile; fileRef = 77C6596C1D62D02200F61AB0 /* LaunchScreen.storyboard */; };
		77EE5E261D6FD874006549A2 /* NewGroupViewController.swift in Sources */ = {isa = PBXBuildFile; fileRef = 77EE5E251D6FD874006549A2 /* NewGroupViewController.swift */; };
		77EE5E2A1D6FE3D6006549A2 /* Chat.swift in Sources */ = {isa = PBXBuildFile; fileRef = 77EE5E281D6FE3D6006549A2 /* Chat.swift */; };
		77EE5E2C1D6FE446006549A2 /* Chat+CoreDataProperties.swift in Sources */ = {isa = PBXBuildFile; fileRef = 77EE5E2B1D6FE446006549A2 /* Chat+CoreDataProperties.swift */; };
		77EE5E2E1D6FE50F006549A2 /* NewGroupParticipantsViewController.swift in Sources */ = {isa = PBXBuildFile; fileRef = 77EE5E2D1D6FE50F006549A2 /* NewGroupParticipantsViewController.swift */; };
/* End PBXBuildFile section */

/* Begin PBXFileReference section */
		7714C6D71D69104D0068D85F /* UITableView+Scroll.swift */ = {isa = PBXFileReference; fileEncoding = 4; lastKnownFileType = sourcecode.swift; path = "UITableView+Scroll.swift"; sourceTree = "<group>"; };
		772959A71D71408600A126BF /* ContactImporter.swift */ = {isa = PBXFileReference; fileEncoding = 4; lastKnownFileType = sourcecode.swift; path = ContactImporter.swift; sourceTree = "<group>"; };
		772959A91D71434900A126BF /* Contact+CoreDataProperties.swift */ = {isa = PBXFileReference; fileEncoding = 4; lastKnownFileType = sourcecode.swift; path = "Contact+CoreDataProperties.swift"; sourceTree = "<group>"; };
		772959AB1D71DE0000A126BF /* PhoneNumber+CoreDataProperties.swift */ = {isa = PBXFileReference; fileEncoding = 4; lastKnownFileType = sourcecode.swift; path = "PhoneNumber+CoreDataProperties.swift"; sourceTree = "<group>"; };
		772959AC1D71DE0000A126BF /* PhoneNumber.swift */ = {isa = PBXFileReference; fileEncoding = 4; lastKnownFileType = sourcecode.swift; path = PhoneNumber.swift; sourceTree = "<group>"; };
		772959B11D71EB6D00A126BF /* ContextViewController.swift */ = {isa = PBXFileReference; fileEncoding = 4; lastKnownFileType = sourcecode.swift; path = ContextViewController.swift; sourceTree = "<group>"; };
		7757BAD01D69F6320040CB74 /* CDHelper.swift */ = {isa = PBXFileReference; fileEncoding = 4; lastKnownFileType = sourcecode.swift; path = CDHelper.swift; sourceTree = "<group>"; };
		7757BAD31D69F7750040CB74 /* Model.xcdatamodel */ = {isa = PBXFileReference; lastKnownFileType = wrapper.xcdatamodel; path = Model.xcdatamodel; sourceTree = "<group>"; };
		7757BAD61D6A0A140040CB74 /* Message.swift */ = {isa = PBXFileReference; fileEncoding = 4; lastKnownFileType = sourcecode.swift; path = Message.swift; sourceTree = "<group>"; };
		7757BAE11D6A3DB50040CB74 /* ChatCell.swift */ = {isa = PBXFileReference; fileEncoding = 4; lastKnownFileType = sourcecode.swift; path = ChatCell.swift; sourceTree = "<group>"; };
		7757BAE31D6A40AD0040CB74 /* AllChatsViewController.swift */ = {isa = PBXFileReference; fileEncoding = 4; lastKnownFileType = sourcecode.swift; path = AllChatsViewController.swift; sourceTree = "<group>"; };
		77848C391D6D50DB00E155CA /* TableViewFetchedResultsDelegate.swift */ = {isa = PBXFileReference; fileEncoding = 4; lastKnownFileType = sourcecode.swift; path = TableViewFetchedResultsDelegate.swift; sourceTree = "<group>"; };
		77848C3B1D6D554200E155CA /* UIViewController+FillWithView.swift */ = {isa = PBXFileReference; fileEncoding = 4; lastKnownFileType = sourcecode.swift; path = "UIViewController+FillWithView.swift"; sourceTree = "<group>"; };
		77848C451D6D5A3200E155CA /* ChatCreationDelegate.swift */ = {isa = PBXFileReference; fileEncoding = 4; lastKnownFileType = sourcecode.swift; path = ChatCreationDelegate.swift; sourceTree = "<group>"; };
		77855CFF1D66B2FC002D5C99 /* MessageCell.swift */ = {isa = PBXFileReference; fileEncoding = 4; lastKnownFileType = sourcecode.swift; path = MessageCell.swift; sourceTree = "<group>"; };
		77B538011D6E8D42001682BD /* Message+CoreDataProperties.swift */ = {isa = PBXFileReference; fileEncoding = 4; lastKnownFileType = sourcecode.swift; path = "Message+CoreDataProperties.swift"; sourceTree = "<group>"; };
		77B656971D6BDD1E004AF8F1 /* Contact.swift */ = {isa = PBXFileReference; fileEncoding = 4; lastKnownFileType = sourcecode.swift; path = Contact.swift; sourceTree = "<group>"; };
		77B6569A1D6BE034004AF8F1 /* NewChatViewController.swift */ = {isa = PBXFileReference; fileEncoding = 4; lastKnownFileType = sourcecode.swift; path = NewChatViewController.swift; sourceTree = "<group>"; };
		77C659601D62D02200F61AB0 /* WhaleTalk.app */ = {isa = PBXFileReference; explicitFileType = wrapper.application; includeInIndex = 0; path = WhaleTalk.app; sourceTree = BUILT_PRODUCTS_DIR; };
		77C659631D62D02200F61AB0 /* AppDelegate.swift */ = {isa = PBXFileReference; lastKnownFileType = sourcecode.swift; path = AppDelegate.swift; sourceTree = "<group>"; };
		77C659651D62D02200F61AB0 /* ChatViewController.swift */ = {isa = PBXFileReference; lastKnownFileType = sourcecode.swift; path = ChatViewController.swift; sourceTree = "<group>"; };
		77C659681D62D02200F61AB0 /* Base */ = {isa = PBXFileReference; lastKnownFileType = file.storyboard; name = Base; path = Base.lproj/Main.storyboard; sourceTree = "<group>"; };
		77C6596A1D62D02200F61AB0 /* Assets.xcassets */ = {isa = PBXFileReference; lastKnownFileType = folder.assetcatalog; path = Assets.xcassets; sourceTree = "<group>"; };
		77C6596D1D62D02200F61AB0 /* Base */ = {isa = PBXFileReference; lastKnownFileType = file.storyboard; name = Base; path = Base.lproj/LaunchScreen.storyboard; sourceTree = "<group>"; };
		77C6596F1D62D02200F61AB0 /* Info.plist */ = {isa = PBXFileReference; lastKnownFileType = text.plist.xml; path = Info.plist; sourceTree = "<group>"; };
		77EE5E251D6FD874006549A2 /* NewGroupViewController.swift */ = {isa = PBXFileReference; fileEncoding = 4; lastKnownFileType = sourcecode.swift; path = NewGroupViewController.swift; sourceTree = "<group>"; };
		77EE5E281D6FE3D6006549A2 /* Chat.swift */ = {isa = PBXFileReference; fileEncoding = 4; lastKnownFileType = sourcecode.swift; path = Chat.swift; sourceTree = "<group>"; };
		77EE5E2B1D6FE446006549A2 /* Chat+CoreDataProperties.swift */ = {isa = PBXFileReference; fileEncoding = 4; lastKnownFileType = sourcecode.swift; path = "Chat+CoreDataProperties.swift"; sourceTree = "<group>"; };
		77EE5E2D1D6FE50F006549A2 /* NewGroupParticipantsViewController.swift */ = {isa = PBXFileReference; fileEncoding = 4; lastKnownFileType = sourcecode.swift; path = NewGroupParticipantsViewController.swift; sourceTree = "<group>"; };
/* End PBXFileReference section */

/* Begin PBXFrameworksBuildPhase section */
		77C6595D1D62D02200F61AB0 /* Frameworks */ = {
			isa = PBXFrameworksBuildPhase;
			buildActionMask = 2147483647;
			files = (
			);
			runOnlyForDeploymentPostprocessing = 0;
		};
/* End PBXFrameworksBuildPhase section */

/* Begin PBXGroup section */
		772959AF1D71EAA600A126BF /* NewGroupVC */ = {
			isa = PBXGroup;
			children = (
				77EE5E251D6FD874006549A2 /* NewGroupViewController.swift */,
			);
			name = NewGroupVC;
			sourceTree = "<group>";
		};
		772959B01D71EAE100A126BF /* NewGroupParticipantsVC */ = {
			isa = PBXGroup;
			children = (
				77EE5E2D1D6FE50F006549A2 /* NewGroupParticipantsViewController.swift */,
			);
			name = NewGroupParticipantsVC;
			sourceTree = "<group>";
		};
		77B5380B1D6E94C6001682BD /* ContactsVC */ = {
			isa = PBXGroup;
			children = (
			);
			name = ContactsVC;
			sourceTree = "<group>";
		};
		77B5380C1D6E94E3001682BD /* AllChatsVC */ = {
			isa = PBXGroup;
			children = (
				7757BAE31D6A40AD0040CB74 /* AllChatsViewController.swift */,
				7757BAE11D6A3DB50040CB74 /* ChatCell.swift */,
			);
			name = AllChatsVC;
			sourceTree = "<group>";
		};
		77B5380D1D6E94EE001682BD /* NewChatVC */ = {
			isa = PBXGroup;
			children = (
				77B6569A1D6BE034004AF8F1 /* NewChatViewController.swift */,
			);
			name = NewChatVC;
			sourceTree = "<group>";
		};
		77B5380E1D6E94FA001682BD /* Protocols */ = {
			isa = PBXGroup;
			children = (
				77848C391D6D50DB00E155CA /* TableViewFetchedResultsDelegate.swift */,
				77848C451D6D5A3200E155CA /* ChatCreationDelegate.swift */,
			);
			name = Protocols;
			sourceTree = "<group>";
		};
		77B5380F1D6E9503001682BD /* ChatVC */ = {
			isa = PBXGroup;
			children = (
				77C659651D62D02200F61AB0 /* ChatViewController.swift */,
				77855CFF1D66B2FC002D5C99 /* MessageCell.swift */,
			);
			name = ChatVC;
			sourceTree = "<group>";
		};
		77B538101D6E950F001682BD /* Helpers */ = {
			isa = PBXGroup;
			children = (
				772959A71D71408600A126BF /* ContactImporter.swift */,
				7714C6D71D69104D0068D85F /* UITableView+Scroll.swift */,
				77848C3B1D6D554200E155CA /* UIViewController+FillWithView.swift */,
				7757BAD01D69F6320040CB74 /* CDHelper.swift */,
			);
			name = Helpers;
			sourceTree = "<group>";
		};
		77B538111D6E9516001682BD /* Frameworks */ = {
			isa = PBXGroup;
			children = (
			);
			name = Frameworks;
			sourceTree = "<group>";
		};
		77B538121D6E9573001682BD /* Supporting Files */ = {
			isa = PBXGroup;
			children = (
				7757BAD21D69F7750040CB74 /* Model.xcdatamodeld */,
				77C659671D62D02200F61AB0 /* Main.storyboard */,
				77C6596A1D62D02200F61AB0 /* Assets.xcassets */,
				77C6596C1D62D02200F61AB0 /* LaunchScreen.storyboard */,
				77C6596F1D62D02200F61AB0 /* Info.plist */,
			);
			name = "Supporting Files";
			sourceTree = "<group>";
		};
		77C659571D62D02200F61AB0 = {
			isa = PBXGroup;
			children = (
				772959AB1D71DE0000A126BF /* PhoneNumber+CoreDataProperties.swift */,
				772959AC1D71DE0000A126BF /* PhoneNumber.swift */,
				772959A91D71434900A126BF /* Contact+CoreDataProperties.swift */,
				77EE5E2B1D6FE446006549A2 /* Chat+CoreDataProperties.swift */,
				77EE5E281D6FE3D6006549A2 /* Chat.swift */,
				77B656971D6BDD1E004AF8F1 /* Contact.swift */,
				77B538011D6E8D42001682BD /* Message+CoreDataProperties.swift */,
				7757BAD61D6A0A140040CB74 /* Message.swift */,
				77C659621D62D02200F61AB0 /* WhaleTalk */,
				77C659611D62D02200F61AB0 /* Products */,
			);
			sourceTree = "<group>";
		};
		77C659611D62D02200F61AB0 /* Products */ = {
			isa = PBXGroup;
			children = (
				77C659601D62D02200F61AB0 /* WhaleTalk.app */,
			);
			name = Products;
			sourceTree = "<group>";
		};
		77C659621D62D02200F61AB0 /* WhaleTalk */ = {
			isa = PBXGroup;
			children = (
				77C659631D62D02200F61AB0 /* AppDelegate.swift */,
				772959B11D71EB6D00A126BF /* ContextViewController.swift */,
				77B5380B1D6E94C6001682BD /* ContactsVC */,
				77B5380C1D6E94E3001682BD /* AllChatsVC */,
				77B5380D1D6E94EE001682BD /* NewChatVC */,
				77B5380F1D6E9503001682BD /* ChatVC */,
				772959AF1D71EAA600A126BF /* NewGroupVC */,
				772959B01D71EAE100A126BF /* NewGroupParticipantsVC */,
				77B5380E1D6E94FA001682BD /* Protocols */,
				77B538101D6E950F001682BD /* Helpers */,
				77B538111D6E9516001682BD /* Frameworks */,
				77B538121D6E9573001682BD /* Supporting Files */,
			);
			path = WhaleTalk;
			sourceTree = "<group>";
		};
/* End PBXGroup section */

/* Begin PBXNativeTarget section */
		77C6595F1D62D02200F61AB0 /* WhaleTalk */ = {
			isa = PBXNativeTarget;
			buildConfigurationList = 77C659721D62D02200F61AB0 /* Build configuration list for PBXNativeTarget "WhaleTalk" */;
			buildPhases = (
				77C6595C1D62D02200F61AB0 /* Sources */,
				77C6595D1D62D02200F61AB0 /* Frameworks */,
				77C6595E1D62D02200F61AB0 /* Resources */,
			);
			buildRules = (
			);
			dependencies = (
			);
			name = WhaleTalk;
			productName = WhaleTalk;
			productReference = 77C659601D62D02200F61AB0 /* WhaleTalk.app */;
			productType = "com.apple.product-type.application";
		};
/* End PBXNativeTarget section */

/* Begin PBXProject section */
		77C659581D62D02200F61AB0 /* Project object */ = {
			isa = PBXProject;
			attributes = {
				LastSwiftUpdateCheck = 0730;
				LastUpgradeCheck = 0730;
				ORGANIZATIONNAME = "Rommel Rico";
				TargetAttributes = {
					77C6595F1D62D02200F61AB0 = {
						CreatedOnToolsVersion = 7.3.1;
					};
				};
			};
			buildConfigurationList = 77C6595B1D62D02200F61AB0 /* Build configuration list for PBXProject "WhaleTalk" */;
			compatibilityVersion = "Xcode 3.2";
			developmentRegion = English;
			hasScannedForEncodings = 0;
			knownRegions = (
				en,
				Base,
			);
			mainGroup = 77C659571D62D02200F61AB0;
			productRefGroup = 77C659611D62D02200F61AB0 /* Products */;
			projectDirPath = "";
			projectRoot = "";
			targets = (
				77C6595F1D62D02200F61AB0 /* WhaleTalk */,
			);
		};
/* End PBXProject section */

/* Begin PBXResourcesBuildPhase section */
		77C6595E1D62D02200F61AB0 /* Resources */ = {
			isa = PBXResourcesBuildPhase;
			buildActionMask = 2147483647;
			files = (
				77C6596E1D62D02200F61AB0 /* LaunchScreen.storyboard in Resources */,
				77C6596B1D62D02200F61AB0 /* Assets.xcassets in Resources */,
				77C659691D62D02200F61AB0 /* Main.storyboard in Resources */,
			);
			runOnlyForDeploymentPostprocessing = 0;
		};
/* End PBXResourcesBuildPhase section */

/* Begin PBXSourcesBuildPhase section */
		77C6595C1D62D02200F61AB0 /* Sources */ = {
			isa = PBXSourcesBuildPhase;
			buildActionMask = 2147483647;
			files = (
				7757BAE21D6A3DB50040CB74 /* ChatCell.swift in Sources */,
				772959A81D71408600A126BF /* ContactImporter.swift in Sources */,
				772959B21D71EB6D00A126BF /* ContextViewController.swift in Sources */,
				77848C3A1D6D50DB00E155CA /* TableViewFetchedResultsDelegate.swift in Sources */,
				7714C6D81D69104D0068D85F /* UITableView+Scroll.swift in Sources */,
				77B6569B1D6BE034004AF8F1 /* NewChatViewController.swift in Sources */,
				7757BAD11D69F6320040CB74 /* CDHelper.swift in Sources */,
				772959AA1D71434900A126BF /* Contact+CoreDataProperties.swift in Sources */,
				77EE5E2C1D6FE446006549A2 /* Chat+CoreDataProperties.swift in Sources */,
				77EE5E2E1D6FE50F006549A2 /* NewGroupParticipantsViewController.swift in Sources */,
				772959AD1D71DE0000A126BF /* PhoneNumber+CoreDataProperties.swift in Sources */,
				77B656991D6BDD1E004AF8F1 /* Contact.swift in Sources */,
				77848C3C1D6D554200E155CA /* UIViewController+FillWithView.swift in Sources */,
				7757BAE41D6A40AD0040CB74 /* AllChatsViewController.swift in Sources */,
				7757BAD41D69F7750040CB74 /* Model.xcdatamodeld in Sources */,
				772959AE1D71DE0000A126BF /* PhoneNumber.swift in Sources */,
				77855D001D66B2FC002D5C99 /* MessageCell.swift in Sources */,
				77EE5E261D6FD874006549A2 /* NewGroupViewController.swift in Sources */,
				7757BAD81D6A0A140040CB74 /* Message.swift in Sources */,
				77EE5E2A1D6FE3D6006549A2 /* Chat.swift in Sources */,
				77C659661D62D02200F61AB0 /* ChatViewController.swift in Sources */,
				77C659641D62D02200F61AB0 /* AppDelegate.swift in Sources */,
				77848C461D6D5A3200E155CA /* ChatCreationDelegate.swift in Sources */,
				77B538031D6E8D42001682BD /* Message+CoreDataProperties.swift in Sources */,
			);
			runOnlyForDeploymentPostprocessing = 0;
		};
/* End PBXSourcesBuildPhase section */

/* Begin PBXVariantGroup section */
		77C659671D62D02200F61AB0 /* Main.storyboard */ = {
			isa = PBXVariantGroup;
			children = (
				77C659681D62D02200F61AB0 /* Base */,
			);
			name = Main.storyboard;
			sourceTree = "<group>";
		};
		77C6596C1D62D02200F61AB0 /* LaunchScreen.storyboard */ = {
			isa = PBXVariantGroup;
			children = (
				77C6596D1D62D02200F61AB0 /* Base */,
			);
			name = LaunchScreen.storyboard;
			sourceTree = "<group>";
		};
/* End PBXVariantGroup section */

/* Begin XCBuildConfiguration section */
		77C659701D62D02200F61AB0 /* Debug */ = {
			isa = XCBuildConfiguration;
			buildSettings = {
				ALWAYS_SEARCH_USER_PATHS = NO;
				CLANG_ANALYZER_NONNULL = YES;
				CLANG_CXX_LANGUAGE_STANDARD = "gnu++0x";
				CLANG_CXX_LIBRARY = "libc++";
				CLANG_ENABLE_MODULES = YES;
				CLANG_ENABLE_OBJC_ARC = YES;
				CLANG_WARN_BOOL_CONVERSION = YES;
				CLANG_WARN_CONSTANT_CONVERSION = YES;
				CLANG_WARN_DIRECT_OBJC_ISA_USAGE = YES_ERROR;
				CLANG_WARN_EMPTY_BODY = YES;
				CLANG_WARN_ENUM_CONVERSION = YES;
				CLANG_WARN_INT_CONVERSION = YES;
				CLANG_WARN_OBJC_ROOT_CLASS = YES_ERROR;
				CLANG_WARN_UNREACHABLE_CODE = YES;
				CLANG_WARN__DUPLICATE_METHOD_MATCH = YES;
				"CODE_SIGN_IDENTITY[sdk=iphoneos*]" = "iPhone Developer";
				COPY_PHASE_STRIP = NO;
				DEBUG_INFORMATION_FORMAT = dwarf;
				ENABLE_STRICT_OBJC_MSGSEND = YES;
				ENABLE_TESTABILITY = YES;
				GCC_C_LANGUAGE_STANDARD = gnu99;
				GCC_DYNAMIC_NO_PIC = NO;
				GCC_NO_COMMON_BLOCKS = YES;
				GCC_OPTIMIZATION_LEVEL = 0;
				GCC_PREPROCESSOR_DEFINITIONS = (
					"DEBUG=1",
					"$(inherited)",
				);
				GCC_WARN_64_TO_32_BIT_CONVERSION = YES;
				GCC_WARN_ABOUT_RETURN_TYPE = YES_ERROR;
				GCC_WARN_UNDECLARED_SELECTOR = YES;
				GCC_WARN_UNINITIALIZED_AUTOS = YES_AGGRESSIVE;
				GCC_WARN_UNUSED_FUNCTION = YES;
				GCC_WARN_UNUSED_VARIABLE = YES;
				IPHONEOS_DEPLOYMENT_TARGET = 9.3;
				MTL_ENABLE_DEBUG_INFO = YES;
				ONLY_ACTIVE_ARCH = YES;
				SDKROOT = iphoneos;
				SWIFT_OPTIMIZATION_LEVEL = "-Onone";
				TARGETED_DEVICE_FAMILY = "1,2";
			};
			name = Debug;
		};
		77C659711D62D02200F61AB0 /* Release */ = {
			isa = XCBuildConfiguration;
			buildSettings = {
				ALWAYS_SEARCH_USER_PATHS = NO;
				CLANG_ANALYZER_NONNULL = YES;
				CLANG_CXX_LANGUAGE_STANDARD = "gnu++0x";
				CLANG_CXX_LIBRARY = "libc++";
				CLANG_ENABLE_MODULES = YES;
				CLANG_ENABLE_OBJC_ARC = YES;
				CLANG_WARN_BOOL_CONVERSION = YES;
				CLANG_WARN_CONSTANT_CONVERSION = YES;
				CLANG_WARN_DIRECT_OBJC_ISA_USAGE = YES_ERROR;
				CLANG_WARN_EMPTY_BODY = YES;
				CLANG_WARN_ENUM_CONVERSION = YES;
				CLANG_WARN_INT_CONVERSION = YES;
				CLANG_WARN_OBJC_ROOT_CLASS = YES_ERROR;
				CLANG_WARN_UNREACHABLE_CODE = YES;
				CLANG_WARN__DUPLICATE_METHOD_MATCH = YES;
				"CODE_SIGN_IDENTITY[sdk=iphoneos*]" = "iPhone Developer";
				COPY_PHASE_STRIP = NO;
				DEBUG_INFORMATION_FORMAT = "dwarf-with-dsym";
				ENABLE_NS_ASSERTIONS = NO;
				ENABLE_STRICT_OBJC_MSGSEND = YES;
				GCC_C_LANGUAGE_STANDARD = gnu99;
				GCC_NO_COMMON_BLOCKS = YES;
				GCC_WARN_64_TO_32_BIT_CONVERSION = YES;
				GCC_WARN_ABOUT_RETURN_TYPE = YES_ERROR;
				GCC_WARN_UNDECLARED_SELECTOR = YES;
				GCC_WARN_UNINITIALIZED_AUTOS = YES_AGGRESSIVE;
				GCC_WARN_UNUSED_FUNCTION = YES;
				GCC_WARN_UNUSED_VARIABLE = YES;
				IPHONEOS_DEPLOYMENT_TARGET = 9.3;
				MTL_ENABLE_DEBUG_INFO = NO;
				SDKROOT = iphoneos;
				TARGETED_DEVICE_FAMILY = "1,2";
				VALIDATE_PRODUCT = YES;
			};
			name = Release;
		};
		77C659731D62D02200F61AB0 /* Debug */ = {
			isa = XCBuildConfiguration;
			buildSettings = {
				ASSETCATALOG_COMPILER_APPICON_NAME = AppIcon;
				INFOPLIST_FILE = WhaleTalk/Info.plist;
				LD_RUNPATH_SEARCH_PATHS = "$(inherited) @executable_path/Frameworks";
				PRODUCT_BUNDLE_IDENTIFIER = com.rommelrico.WhaleTalk;
				PRODUCT_NAME = "$(TARGET_NAME)";
			};
			name = Debug;
		};
		77C659741D62D02200F61AB0 /* Release */ = {
			isa = XCBuildConfiguration;
			buildSettings = {
				ASSETCATALOG_COMPILER_APPICON_NAME = AppIcon;
				INFOPLIST_FILE = WhaleTalk/Info.plist;
				LD_RUNPATH_SEARCH_PATHS = "$(inherited) @executable_path/Frameworks";
				PRODUCT_BUNDLE_IDENTIFIER = com.rommelrico.WhaleTalk;
				PRODUCT_NAME = "$(TARGET_NAME)";
			};
			name = Release;
		};
/* End XCBuildConfiguration section */

/* Begin XCConfigurationList section */
		77C6595B1D62D02200F61AB0 /* Build configuration list for PBXProject "WhaleTalk" */ = {
			isa = XCConfigurationList;
			buildConfigurations = (
				77C659701D62D02200F61AB0 /* Debug */,
				77C659711D62D02200F61AB0 /* Release */,
			);
			defaultConfigurationIsVisible = 0;
			defaultConfigurationName = Release;
		};
		77C659721D62D02200F61AB0 /* Build configuration list for PBXNativeTarget "WhaleTalk" */ = {
			isa = XCConfigurationList;
			buildConfigurations = (
				77C659731D62D02200F61AB0 /* Debug */,
				77C659741D62D02200F61AB0 /* Release */,
			);
			defaultConfigurationIsVisible = 0;
			defaultConfigurationName = Release;
		};
/* End XCConfigurationList section */

/* Begin XCVersionGroup section */
		7757BAD21D69F7750040CB74 /* Model.xcdatamodeld */ = {
			isa = XCVersionGroup;
			children = (
				7757BAD31D69F7750040CB74 /* Model.xcdatamodel */,
			);
			currentVersion = 7757BAD31D69F7750040CB74 /* Model.xcdatamodel */;
			path = Model.xcdatamodeld;
			sourceTree = "<group>";
			versionGroupType = wrapper.xcdatamodel;
		};
/* End XCVersionGroup section */
	};
	rootObject = 77C659581D62D02200F61AB0 /* Project object */;
}
